
Microsoft Visual Studio Solution File, Format Version 12.00
# Visual Studio Version 17
VisualStudioVersion = 17.3.32811.315
MinimumVisualStudioVersion = 10.0.40219.1
Project("{9A19103F-16F7-4668-BE54-9A1E7A4F7556}") = "EmployeeTrackingApp", "EmployeeTrackingApp\EmployeeTrackingApp.csproj", "{FB20E9BF-91E2-4DB0-8862-9F75F26F299E}"
EndProject
Project("{9A19103F-16F7-4668-BE54-9A1E7A4F7556}") = "Employee.DataModel", "Employee.DataModel\Employee.DataModel.csproj", "{872FA414-4DE8-445A-B1B3-43B34A5ACEBA}"
EndProject
Project("{FAE04EC0-301F-11D3-BF4B-00C04F79EFBC}") = "EmployeeDetails.Api", "EmployeeDetails.Api\EmployeeDetails.Api.csproj", "{9E52EE25-AB94-4339-9295-E7A3078FA478}"
EndProject
Global
	GlobalSection(SolutionConfigurationPlatforms) = preSolution
		Debug|Any CPU = Debug|Any CPU
		Release|Any CPU = Release|Any CPU
	EndGlobalSection
	GlobalSection(ProjectConfigurationPlatforms) = postSolution
		{FB20E9BF-91E2-4DB0-8862-9F75F26F299E}.Debug|Any CPU.ActiveCfg = Debug|Any CPU
		{FB20E9BF-91E2-4DB0-8862-9F75F26F299E}.Debug|Any CPU.Build.0 = Debug|Any CPU
		{FB20E9BF-91E2-4DB0-8862-9F75F26F299E}.Release|Any CPU.ActiveCfg = Release|Any CPU
		{FB20E9BF-91E2-4DB0-8862-9F75F26F299E}.Release|Any CPU.Build.0 = Release|Any CPU
		{872FA414-4DE8-445A-B1B3-43B34A5ACEBA}.Debug|Any CPU.ActiveCfg = Debug|Any CPU
		{872FA414-4DE8-445A-B1B3-43B34A5ACEBA}.Debug|Any CPU.Build.0 = Debug|Any CPU
		{872FA414-4DE8-445A-B1B3-43B34A5ACEBA}.Release|Any CPU.ActiveCfg = Release|Any CPU
		{872FA414-4DE8-445A-B1B3-43B34A5ACEBA}.Release|Any CPU.Build.0 = Release|Any CPU
		{9E52EE25-AB94-4339-9295-E7A3078FA478}.Debug|Any CPU.ActiveCfg = Debug|Any CPU
		{9E52EE25-AB94-4339-9295-E7A3078FA478}.Debug|Any CPU.Build.0 = Debug|Any CPU
		{9E52EE25-AB94-4339-9295-E7A3078FA478}.Release|Any CPU.ActiveCfg = Release|Any CPU
		{9E52EE25-AB94-4339-9295-E7A3078FA478}.Release|Any CPU.Build.0 = Release|Any CPU
	EndGlobalSection
	GlobalSection(SolutionProperties) = preSolution
		HideSolutionNode = FALSE
	EndGlobalSection
	GlobalSection(ExtensibilityGlobals) = postSolution
		SolutionGuid = {5FC8BD81-79DA-44FC-A5AC-3925C68BEF00}
	EndGlobalSection
EndGlobal
